
Microsoft Visual Studio Solution File, Format Version 12.00
# Visual Studio Version 16
VisualStudioVersion = 16.0.29215.179
MinimumVisualStudioVersion = 10.0.40219.1
Project("{FAE04EC0-301F-11D3-BF4B-00C04F79EFBC}") = "MVCTestApp", "MVCTestApp.csproj", "{508FEE82-A110-4702-8830-0124A70EACE7}"
EndProject
Project("{FAE04EC0-301F-11D3-BF4B-00C04F79EFBC}") = "MVCTestAppCommon", "..\MVCTestAppCommon\MVCTestAppCommon.csproj", "{ED1A5317-3AE4-474A-B6A9-610B38043B14}"
EndProject
Global
	GlobalSection(SolutionConfigurationPlatforms) = preSolution
		Debug|Any CPU = Debug|Any CPU
		Release|Any CPU = Release|Any CPU
	EndGlobalSection
	GlobalSection(ProjectConfigurationPlatforms) = postSolution
		{508FEE82-A110-4702-8830-0124A70EACE7}.Debug|Any CPU.ActiveCfg = Debug|Any CPU
		{508FEE82-A110-4702-8830-0124A70EACE7}.Debug|Any CPU.Build.0 = Debug|Any CPU
		{508FEE82-A110-4702-8830-0124A70EACE7}.Release|Any CPU.ActiveCfg = Release|Any CPU
		{508FEE82-A110-4702-8830-0124A70EACE7}.Release|Any CPU.Build.0 = Release|Any CPU
		{ED1A5317-3AE4-474A-B6A9-610B38043B14}.Debug|Any CPU.ActiveCfg = Debug|Any CPU
		{ED1A5317-3AE4-474A-B6A9-610B38043B14}.Debug|Any CPU.Build.0 = Debug|Any CPU
		{ED1A5317-3AE4-474A-B6A9-610B38043B14}.Release|Any CPU.ActiveCfg = Release|Any CPU
		{ED1A5317-3AE4-474A-B6A9-610B38043B14}.Release|Any CPU.Build.0 = Release|Any CPU
	EndGlobalSection
	GlobalSection(SolutionProperties) = preSolution
		HideSolutionNode = FALSE
	EndGlobalSection
	GlobalSection(ExtensibilityGlobals) = postSolution
		SolutionGuid = {F4A7410D-BA5B-44D8-99B4-5B56D6FDCA21}
	EndGlobalSection
EndGlobal
